Microsoft Visual Studio Solution File, Format Version 12.00
# Visual Studio Version 16
VisualStudioVersion = 16.0.29709.97
MinimumVisualStudioVersion = 10.0.40219.1
Project("{FAE04EC0-301F-11D3-BF4B-00C04F79EFBC}") = "XamarinTV.Android", "XamarinTV.Android\XamarinTV.Android.csproj", "{A66B12F5-A46A-4BEA-A809-CC44B30BFA71}"
EndProject
Project("{9A19103F-16F7-4668-BE54-9A1E7A4F7556}") = "XamarinTV", "XamarinTV\XamarinTV.csproj", "{2BA185EB-4447-4867-BE4F-B27E15184AFF}"
EndProject
Project("{FAE04EC0-301F-11D3-BF4B-00C04F79EFBC}") = "XamarinTV.UWP", "XamarinTV.UWP\XamarinTV.UWP.csproj", "{87672212-2BA2-4636-9360-E231F31FC5F5}"
EndProject
Global
	GlobalSection(SolutionConfigurationPlatforms) = preSolution
		Debug|Any CPU = Debug|Any CPU
		Debug|ARM = Debug|ARM
		Debug|ARM64 = Debug|ARM64
		Debug|iPhone = Debug|iPhone
		Debug|iPhoneSimulator = Debug|iPhoneSimulator
		Debug|x64 = Debug|x64
		Debug|x86 = Debug|x86
		MultiDebug|Any CPU = MultiDebug|Any CPU
		MultiDebug|ARM = MultiDebug|ARM
		MultiDebug|ARM64 = MultiDebug|ARM64
		MultiDebug|iPhone = MultiDebug|iPhone
		MultiDebug|iPhoneSimulator = MultiDebug|iPhoneSimulator
		MultiDebug|x64 = MultiDebug|x64
		MultiDebug|x86 = MultiDebug|x86
		Release|Any CPU = Release|Any CPU
		Release|ARM = Release|ARM
		Release|ARM64 = Release|ARM64
		Release|iPhone = Release|iPhone
		Release|iPhoneSimulator = Release|iPhoneSimulator
		Release|x64 = Release|x64
		Release|x86 = Release|x86
	EndGlobalSection
	GlobalSection(ProjectConfigurationPlatforms) = postSolution
		{A66B12F5-A46A-4BEA-A809-CC44B30BFA71}.Debug|Any CPU.ActiveCfg = Debug|Any CPU
		{A66B12F5-A46A-4BEA-A809-CC44B30BFA71}.Debug|Any CPU.Build.0 = Debug|Any CPU
		{A66B12F5-A46A-4BEA-A809-CC44B30BFA71}.Debug|Any CPU.Deploy.0 = Debug|Any CPU
		{A66B12F5-A46A-4BEA-A809-CC44B30BFA71}.Debug|ARM.ActiveCfg = Debug|Any CPU
		{A66B12F5-A46A-4BEA-A809-CC44B30BFA71}.Debug|ARM.Build.0 = Debug|Any CPU
		{A66B12F5-A46A-4BEA-A809-CC44B30BFA71}.Debug|ARM.Deploy.0 = Debug|Any CPU
		{A66B12F5-A46A-4BEA-A809-CC44B30BFA71}.Debug|ARM64.ActiveCfg = Debug|Any CPU
		{A66B12F5-A46A-4BEA-A809-CC44B30BFA71}.Debug|ARM64.Build.0 = Debug|Any CPU
		{A66B12F5-A46A-4BEA-A809-CC44B30BFA71}.Debug|ARM64.Deploy.0 = Debug|Any CPU
		{A66B12F5-A46A-4BEA-A809-CC44B30BFA71}.Debug|iPhone.ActiveCfg = Debug|Any CPU
		{A66B12F5-A46A-4BEA-A809-CC44B30BFA71}.Debug|iPhone.Build.0 = Debug|Any CPU
		{A66B12F5-A46A-4BEA-A809-CC44B30BFA71}.Debug|iPhoneSimulator.ActiveCfg = Debug|Any CPU
		{A66B12F5-A46A-4BEA-A809-CC44B30BFA71}.Debug|iPhoneSimulator.Build.0 = Debug|Any CPU
		{A66B12F5-A46A-4BEA-A809-CC44B30BFA71}.Debug|x64.ActiveCfg = Debug|Any CPU
		{A66B12F5-A46A-4BEA-A809-CC44B30BFA71}.Debug|x64.Build.0 = Debug|Any CPU
		{A66B12F5-A46A-4BEA-A809-CC44B30BFA71}.Debug|x64.Deploy.0 = Debug|Any CPU
		{A66B12F5-A46A-4BEA-A809-CC44B30BFA71}.Debug|x86.ActiveCfg = Debug|Any CPU
		{A66B12F5-A46A-4BEA-A809-CC44B30BFA71}.Debug|x86.Build.0 = Debug|Any CPU
		{A66B12F5-A46A-4BEA-A809-CC44B30BFA71}.Debug|x86.Deploy.0 = Debug|Any CPU
		{A66B12F5-A46A-4BEA-A809-CC44B30BFA71}.MultiDebug|Any CPU.ActiveCfg = Debug|Any CPU
		{A66B12F5-A46A-4BEA-A809-CC44B30BFA71}.MultiDebug|Any CPU.Build.0 = Debug|Any CPU
		{A66B12F5-A46A-4BEA-A809-CC44B30BFA71}.MultiDebug|ARM.ActiveCfg = MultiDebug|Any CPU
		{A66B12F5-A46A-4BEA-A809-CC44B30BFA71}.MultiDebug|ARM.Build.0 = MultiDebug|Any CPU
		{A66B12F5-A46A-4BEA-A809-CC44B30BFA71}.MultiDebug|ARM.Deploy.0 = MultiDebug|Any CPU
		{A66B12F5-A46A-4BEA-A809-CC44B30BFA71}.MultiDebug|ARM64.ActiveCfg = MultiDebug|Any CPU
		{A66B12F5-A46A-4BEA-A809-CC44B30BFA71}.MultiDebug|ARM64.Build.0 = MultiDebug|Any CPU
		{A66B12F5-A46A-4BEA-A809-CC44B30BFA71}.MultiDebug|ARM64.Deploy.0 = MultiDebug|Any CPU
		{A66B12F5-A46A-4BEA-A809-CC44B30BFA71}.MultiDebug|iPhone.ActiveCfg = MultiDebug|Any CPU
		{A66B12F5-A46A-4BEA-A809-CC44B30BFA71}.MultiDebug|iPhone.Build.0 = MultiDebug|Any CPU
		{A66B12F5-A46A-4BEA-A809-CC44B30BFA71}.MultiDebug|iPhone.Deploy.0 = MultiDebug|Any CPU
		{A66B12F5-A46A-4BEA-A809-CC44B30BFA71}.MultiDebug|iPhoneSimulator.ActiveCfg = MultiDebug|Any CPU
		{A66B12F5-A46A-4BEA-A809-CC44B30BFA71}.MultiDebug|iPhoneSimulator.Build.0 = MultiDebug|Any CPU
		{A66B12F5-A46A-4BEA-A809-CC44B30BFA71}.MultiDebug|iPhoneSimulator.Deploy.0 = MultiDebug|Any CPU
		{A66B12F5-A46A-4BEA-A809-CC44B30BFA71}.MultiDebug|x64.ActiveCfg = MultiDebug|Any CPU
		{A66B12F5-A46A-4BEA-A809-CC44B30BFA71}.MultiDebug|x64.Build.0 = MultiDebug|Any CPU
		{A66B12F5-A46A-4BEA-A809-CC44B30BFA71}.MultiDebug|x64.Deploy.0 = MultiDebug|Any CPU
		{A66B12F5-A46A-4BEA-A809-CC44B30BFA71}.MultiDebug|x86.ActiveCfg = MultiDebug|Any CPU
		{A66B12F5-A46A-4BEA-A809-CC44B30BFA71}.MultiDebug|x86.Build.0 = MultiDebug|Any CPU
		{A66B12F5-A46A-4BEA-A809-CC44B30BFA71}.MultiDebug|x86.Deploy.0 = MultiDebug|Any CPU
		{A66B12F5-A46A-4BEA-A809-CC44B30BFA71}.Release|Any CPU.ActiveCfg = Release|Any CPU
		{A66B12F5-A46A-4BEA-A809-CC44B30BFA71}.Release|Any CPU.Build.0 = Release|Any CPU
		{A66B12F5-A46A-4BEA-A809-CC44B30BFA71}.Release|Any CPU.Deploy.0 = Release|Any CPU
		{A66B12F5-A46A-4BEA-A809-CC44B30BFA71}.Release|ARM.ActiveCfg = Release|Any CPU
		{A66B12F5-A46A-4BEA-A809-CC44B30BFA71}.Release|ARM.Build.0 = Release|Any CPU
		{A66B12F5-A46A-4BEA-A809-CC44B30BFA71}.Release|ARM.Deploy.0 = Release|Any CPU
		{A66B12F5-A46A-4BEA-A809-CC44B30BFA71}.Release|ARM64.ActiveCfg = Release|Any CPU
		{A66B12F5-A46A-4BEA-A809-CC44B30BFA71}.Release|ARM64.Build.0 = Release|Any CPU
		{A66B12F5-A46A-4BEA-A809-CC44B30BFA71}.Release|ARM64.Deploy.0 = Release|Any CPU
		{A66B12F5-A46A-4BEA-A809-CC44B30BFA71}.Release|iPhone.ActiveCfg = Release|Any CPU
		{A66B12F5-A46A-4BEA-A809-CC44B30BFA71}.Release|iPhone.Build.0 = Release|Any CPU
		{A66B12F5-A46A-4BEA-A809-CC44B30BFA71}.Release|iPhoneSimulator.ActiveCfg = Release|Any CPU
		{A66B12F5-A46A-4BEA-A809-CC44B30BFA71}.Release|iPhoneSimulator.Build.0 = Release|Any CPU
		{A66B12F5-A46A-4BEA-A809-CC44B30BFA71}.Release|x64.ActiveCfg = Release|Any CPU
		{A66B12F5-A46A-4BEA-A809-CC44B30BFA71}.Release|x64.Build.0 = Release|Any CPU
		{A66B12F5-A46A-4BEA-A809-CC44B30BFA71}.Release|x64.Deploy.0 = Release|Any CPU
		{A66B12F5-A46A-4BEA-A809-CC44B30BFA71}.Release|x86.ActiveCfg = Release|Any CPU
		{A66B12F5-A46A-4BEA-A809-CC44B30BFA71}.Release|x86.Build.0 = Release|Any CPU
		{A66B12F5-A46A-4BEA-A809-CC44B30BFA71}.Release|x86.Deploy.0 = Release|Any CPU
		{2BA185EB-4447-4867-BE4F-B27E15184AFF}.Debug|Any CPU.ActiveCfg = Debug|Any CPU
		{2BA185EB-4447-4867-BE4F-B27E15184AFF}.Debug|Any CPU.Build.0 = Debug|Any CPU
		{2BA185EB-4447-4867-BE4F-B27E15184AFF}.Debug|ARM.ActiveCfg = Debug|Any CPU
		{2BA185EB-4447-4867-BE4F-B27E15184AFF}.Debug|ARM.Build.0 = Debug|Any CPU
		{2BA185EB-4447-4867-BE4F-B27E15184AFF}.Debug|ARM64.ActiveCfg = Debug|Any CPU
		{2BA185EB-4447-4867-BE4F-B27E15184AFF}.Debug|ARM64.Build.0 = Debug|Any CPU
		{2BA185EB-4447-4867-BE4F-B27E15184AFF}.Debug|iPhone.ActiveCfg = Debug|Any CPU
		{2BA185EB-4447-4867-BE4F-B27E15184AFF}.Debug|iPhone.Build.0 = Debug|Any CPU
		{2BA185EB-4447-4867-BE4F-B27E15184AFF}.Debug|iPhoneSimulator.ActiveCfg = Debug|Any CPU
		{2BA185EB-4447-4867-BE4F-B27E15184AFF}.Debug|iPhoneSimulator.Build.0 = Debug|Any CPU
		{2BA185EB-4447-4867-BE4F-B27E15184AFF}.Debug|x64.ActiveCfg = Debug|Any CPU
		{2BA185EB-4447-4867-BE4F-B27E15184AFF}.Debug|x64.Build.0 = Debug|Any CPU
		{2BA185EB-4447-4867-BE4F-B27E15184AFF}.Debug|x86.ActiveCfg = Debug|Any CPU
		{2BA185EB-4447-4867-BE4F-B27E15184AFF}.Debug|x86.Build.0 = Debug|Any CPU
		{2BA185EB-4447-4867-BE4F-B27E15184AFF}.MultiDebug|Any CPU.ActiveCfg = Debug|Any CPU
		{2BA185EB-4447-4867-BE4F-B27E15184AFF}.MultiDebug|Any CPU.Build.0 = Debug|Any CPU
		{2BA185EB-4447-4867-BE4F-B27E15184AFF}.MultiDebug|ARM.ActiveCfg = Debug|Any CPU
		{2BA185EB-4447-4867-BE4F-B27E15184AFF}.MultiDebug|ARM.Build.0 = Debug|Any CPU
		{2BA185EB-4447-4867-BE4F-B27E15184AFF}.MultiDebug|ARM64.ActiveCfg = Debug|Any CPU
		{2BA185EB-4447-4867-BE4F-B27E15184AFF}.MultiDebug|ARM64.Build.0 = Debug|Any CPU
		{2BA185EB-4447-4867-BE4F-B27E15184AFF}.MultiDebug|iPhone.ActiveCfg = Debug|Any CPU
		{2BA185EB-4447-4867-BE4F-B27E15184AFF}.MultiDebug|iPhone.Build.0 = Debug|Any CPU
		{2BA185EB-4447-4867-BE4F-B27E15184AFF}.MultiDebug|iPhoneSimulator.ActiveCfg = Debug|Any CPU
		{2BA185EB-4447-4867-BE4F-B27E15184AFF}.MultiDebug|iPhoneSimulator.Build.0 = Debug|Any CPU
		{2BA185EB-4447-4867-BE4F-B27E15184AFF}.MultiDebug|x64.ActiveCfg = Debug|Any CPU
		{2BA185EB-4447-4867-BE4F-B27E15184AFF}.MultiDebug|x64.Build.0 = Debug|Any CPU
		{2BA185EB-4447-4867-BE4F-B27E15184AFF}.MultiDebug|x86.ActiveCfg = Debug|Any CPU
		{2BA185EB-4447-4867-BE4F-B27E15184AFF}.MultiDebug|x86.Build.0 = Debug|Any CPU
		{2BA185EB-4447-4867-BE4F-B27E15184AFF}.Release|Any CPU.ActiveCfg = Release|Any CPU
		{2BA185EB-4447-4867-BE4F-B27E15184AFF}.Release|Any CPU.Build.0 = Release|Any CPU
		{2BA185EB-4447-4867-BE4F-B27E15184AFF}.Release|ARM.ActiveCfg = Release|Any CPU
		{2BA185EB-4447-4867-BE4F-B27E15184AFF}.Release|ARM.Build.0 = Release|Any CPU
		{2BA185EB-4447-4867-BE4F-B27E15184AFF}.Release|ARM64.ActiveCfg = Release|Any CPU
		{2BA185EB-4447-4867-BE4F-B27E15184AFF}.Release|ARM64.Build.0 = Release|Any CPU
		{2BA185EB-4447-4867-BE4F-B27E15184AFF}.Release|iPhone.ActiveCfg = Release|Any CPU
		{2BA185EB-4447-4867-BE4F-B27E15184AFF}.Release|iPhone.Build.0 = Release|Any CPU
		{2BA185EB-4447-4867-BE4F-B27E15184AFF}.Release|iPhoneSimulator.ActiveCfg = Release|Any CPU
		{2BA185EB-4447-4867-BE4F-B27E15184AFF}.Release|iPhoneSimulator.Build.0 = Release|Any CPU
		{2BA185EB-4447-4867-BE4F-B27E15184AFF}.Release|x64.ActiveCfg = Release|Any CPU
		{2BA185EB-4447-4867-BE4F-B27E15184AFF}.Release|x64.Build.0 = Release|Any CPU
		{2BA185EB-4447-4867-BE4F-B27E15184AFF}.Release|x86.ActiveCfg = Release|Any CPU
		{2BA185EB-4447-4867-BE4F-B27E15184AFF}.Release|x86.Build.0 = Release|Any CPU
		{87672212-2BA2-4636-9360-E231F31FC5F5}.Debug|Any CPU.ActiveCfg = Debug|x86
		{87672212-2BA2-4636-9360-E231F31FC5F5}.Debug|ARM.ActiveCfg = Debug|ARM
		{87672212-2BA2-4636-9360-E231F31FC5F5}.Debug|ARM.Build.0 = Debug|ARM
		{87672212-2BA2-4636-9360-E231F31FC5F5}.Debug|ARM.Deploy.0 = Debug|ARM
		{87672212-2BA2-4636-9360-E231F31FC5F5}.Debug|ARM64.ActiveCfg = Debug|ARM64
		{87672212-2BA2-4636-9360-E231F31FC5F5}.Debug|ARM64.Build.0 = Debug|ARM64
		{87672212-2BA2-4636-9360-E231F31FC5F5}.Debug|ARM64.Deploy.0 = Debug|ARM64
		{87672212-2BA2-4636-9360-E231F31FC5F5}.Debug|iPhone.ActiveCfg = Debug|x86
		{87672212-2BA2-4636-9360-E231F31FC5F5}.Debug|iPhoneSimulator.ActiveCfg = Debug|x86
		{87672212-2BA2-4636-9360-E231F31FC5F5}.Debug|x64.ActiveCfg = Debug|x64
		{87672212-2BA2-4636-9360-E231F31FC5F5}.Debug|x64.Build.0 = Debug|x64
		{87672212-2BA2-4636-9360-E231F31FC5F5}.Debug|x64.Deploy.0 = Debug|x64
		{87672212-2BA2-4636-9360-E231F31FC5F5}.Debug|x86.ActiveCfg = Debug|x86
		{87672212-2BA2-4636-9360-E231F31FC5F5}.Debug|x86.Build.0 = Debug|x86
		{87672212-2BA2-4636-9360-E231F31FC5F5}.Debug|x86.Deploy.0 = Debug|x86
		{87672212-2BA2-4636-9360-E231F31FC5F5}.MultiDebug|Any CPU.ActiveCfg = Release|x64
		{87672212-2BA2-4636-9360-E231F31FC5F5}.MultiDebug|Any CPU.Build.0 = Release|x64
		{87672212-2BA2-4636-9360-E231F31FC5F5}.MultiDebug|Any CPU.Deploy.0 = Release|x64
		{87672212-2BA2-4636-9360-E231F31FC5F5}.MultiDebug|ARM.ActiveCfg = Debug|ARM
		{87672212-2BA2-4636-9360-E231F31FC5F5}.MultiDebug|ARM.Build.0 = Debug|ARM
		{87672212-2BA2-4636-9360-E231F31FC5F5}.MultiDebug|ARM.Deploy.0 = Debug|ARM
		{87672212-2BA2-4636-9360-E231F31FC5F5}.MultiDebug|ARM64.ActiveCfg = Debug|ARM64
		{87672212-2BA2-4636-9360-E231F31FC5F5}.MultiDebug|ARM64.Build.0 = Debug|ARM64
		{87672212-2BA2-4636-9360-E231F31FC5F5}.MultiDebug|ARM64.Deploy.0 = Debug|ARM64
		{87672212-2BA2-4636-9360-E231F31FC5F5}.MultiDebug|iPhone.ActiveCfg = Release|x64
		{87672212-2BA2-4636-9360-E231F31FC5F5}.MultiDebug|iPhone.Build.0 = Release|x64
		{87672212-2BA2-4636-9360-E231F31FC5F5}.MultiDebug|iPhone.Deploy.0 = Release|x64
		{87672212-2BA2-4636-9360-E231F31FC5F5}.MultiDebug|iPhoneSimulator.ActiveCfg = Release|x64
		{87672212-2BA2-4636-9360-E231F31FC5F5}.MultiDebug|iPhoneSimulator.Build.0 = Release|x64
		{87672212-2BA2-4636-9360-E231F31FC5F5}.MultiDebug|iPhoneSimulator.Deploy.0 = Release|x64
		{87672212-2BA2-4636-9360-E231F31FC5F5}.MultiDebug|x64.ActiveCfg = Debug|x64
		{87672212-2BA2-4636-9360-E231F31FC5F5}.MultiDebug|x64.Build.0 = Debug|x64
		{87672212-2BA2-4636-9360-E231F31FC5F5}.MultiDebug|x64.Deploy.0 = Debug|x64
		{87672212-2BA2-4636-9360-E231F31FC5F5}.MultiDebug|x86.ActiveCfg = Debug|x86
		{87672212-2BA2-4636-9360-E231F31FC5F5}.MultiDebug|x86.Build.0 = Debug|x86
		{87672212-2BA2-4636-9360-E231F31FC5F5}.Release|Any CPU.ActiveCfg = Release|x86
		{87672212-2BA2-4636-9360-E231F31FC5F5}.Release|ARM.ActiveCfg = Release|ARM
		{87672212-2BA2-4636-9360-E231F31FC5F5}.Release|ARM.Build.0 = Release|ARM
		{87672212-2BA2-4636-9360-E231F31FC5F5}.Release|ARM.Deploy.0 = Release|ARM
		{87672212-2BA2-4636-9360-E231F31FC5F5}.Release|ARM64.ActiveCfg = Release|ARM64
		{87672212-2BA2-4636-9360-E231F31FC5F5}.Release|ARM64.Build.0 = Release|ARM64
		{87672212-2BA2-4636-9360-E231F31FC5F5}.Release|ARM64.Deploy.0 = Release|ARM64
		{87672212-2BA2-4636-9360-E231F31FC5F5}.Release|iPhone.ActiveCfg = Release|x86
		{87672212-2BA2-4636-9360-E231F31FC5F5}.Release|iPhoneSimulator.ActiveCfg = Release|x86
		{87672212-2BA2-4636-9360-E231F31FC5F5}.Release|x64.ActiveCfg = Release|x64
		{87672212-2BA2-4636-9360-E231F31FC5F5}.Release|x64.Build.0 = Release|x64
		{87672212-2BA2-4636-9360-E231F31FC5F5}.Release|x64.Deploy.0 = Release|x64
		{87672212-2BA2-4636-9360-E231F31FC5F5}.Release|x86.ActiveCfg = Release|x86
		{87672212-2BA2-4636-9360-E231F31FC5F5}.Release|x86.Build.0 = Release|x86
		{87672212-2BA2-4636-9360-E231F31FC5F5}.Release|x86.Deploy.0 = Release|x86
	EndGlobalSection
	GlobalSection(SolutionProperties) = preSolution
		HideSolutionNode = FALSE
	EndGlobalSection
	GlobalSection(NestedProjects) = preSolution
	EndGlobalSection
	GlobalSection(ExtensibilityGlobals) = postSolution
		SolutionGuid = {2A49E67B-B5AB-44B7-9E31-3952FE2C9911}
	EndGlobalSection
EndGlobal
